# This file was generated by Aiken
# You typically do not need to edit this file

[[requirements]]
name = "aiken-lang/fuzz"
version = "v2"
source = "github"

[[packages]]
name = "aiken-lang/fuzz"
version = "v2"
requirements = []
source = "github"

[etags]
"aiken-lang/fuzz@v2" = [{ secs_since_epoch = 1734106349, nanos_since_epoch = 450591000 }, "64a32283418d58cade34059d3855b857e84505541158c541c460cafa0d355475"]
