# This file was generated by Aiken
# You typically do not need to edit this file

[[requirements]]
name = "aiken-lang/fuzz"
version = "main"
source = "github"

[[packages]]
name = "aiken-lang/fuzz"
version = "main"
requirements = []
source = "github"

[etags]
"aiken-lang/fuzz@main" = [{ secs_since_epoch = 1790156086, nanos_since_epoch = 796091000 }, "2ec610991199f0a5a3fff0c382eb623e5478c5ad8fa4f9ba1a80e6f1368fa8ff"]
