# This file was generated by Aiken
# You typically do not need to edit this file

[[requirements]]
name = "aiken-lang/fuzz"
version = "v2"
source = "github"

[[packages]]
name = "aiken-lang/fuzz"
version = "v2"
requirements = []
source = "github"

[etags]
"aiken-lang/fuzz@v2" = [{ secs_since_epoch = 1726321904, nanos_since_epoch = 178864000 }, "34ffec10cce786bf823c7505589a3b5e0663792ef8efd31f870d7bcc37e0f593"]
